{
  "nodes": {
    "flake-utils": {
      "locked": {
        "lastModified": 1634851050,
        "narHash": "sha256-N83GlSGPJJdcqhUxSCS/WwW5pksYf3VP1M13cDRTSVA=",
        "owner": "numtide",
        "repo": "flake-utils",
        "rev": "c91f3de5adaf1de973b797ef7485e441a65b8935",
        "type": "github"
      },
      "original": {
        "owner": "numtide",
        "repo": "flake-utils",
        "type": "github"
      }
    },
    "nixpkgs": {
      "locked": {
        "lastModified": 1661219471,
        "narHash": "sha256-aHT3SGDDkoISNjOyfcSOaztnOVNMR6Q8q5ovwSP66aQ=",
        "owner": "NixOS",
        "repo": "nixpkgs",
        "rev": "1df6238154db1edb9da71846b00dbe2cc9148e28",
        "type": "github"
      },
      "original": {
        "owner": "NixOS",
        "ref": "nixpkgs-22.05-darwin",
        "repo": "nixpkgs",
        "type": "github"
      }
    },
    "nixpkgs-intel": {
      "locked": {
        "lastModified": 1617769200,
        "narHash": "sha256-AjM4hXp/QOPftocbF+xMPzWTh2fRbU+Ct9IFKKX9XSc=",
        "owner": "NixOS",
        "repo": "nixpkgs",
        "rev": "bfd326421ef093b77d70dfe8b9195e1cee78c097",
        "type": "github"
      },
      "original": {
        "owner": "NixOS",
        "repo": "nixpkgs",
        "rev": "bfd326421ef093b77d70dfe8b9195e1cee78c097",
        "type": "github"
      }
    },
    "root": {
      "inputs": {
        "flake-utils": "flake-utils",
        "nixpkgs": "nixpkgs",
        "nixpkgs-intel": "nixpkgs-intel"
      }
    }
  },
  "root": "root",
  "version": 7
}
