{
  "nodes": {
    "flake-utils": {
      "locked": {
        "lastModified": 1634851050,
        "narHash": "sha256-N83GlSGPJJdcqhUxSCS/WwW5pksYf3VP1M13cDRTSVA=",
        "owner": "numtide",
        "repo": "flake-utils",
        "rev": "c91f3de5adaf1de973b797ef7485e441a65b8935",
        "type": "github"
      },
      "original": {
        "owner": "numtide",
        "repo": "flake-utils",
        "type": "github"
      }
    },
    "nixpkgs": {
      "locked": {
        "lastModified": 1636333654,
        "narHash": "sha256-3wh9PtCzcaJQuZrgZ+ygKfhltkDNNqT6zOzGsRbjZEo=",
        "owner": "NixOS",
        "repo": "nixpkgs",
        "rev": "e74894146a42ba552ebafa19ab2d1df7ccbc1738",
        "type": "github"
      },
      "original": {
        "owner": "NixOS",
        "ref": "nixpkgs-21.05-darwin",
        "repo": "nixpkgs",
        "type": "github"
      }
    },
    "nixpkgs-intel": {
      "locked": {
        "lastModified": 1617769200,
        "narHash": "sha256-AjM4hXp/QOPftocbF+xMPzWTh2fRbU+Ct9IFKKX9XSc=",
        "owner": "NixOS",
        "repo": "nixpkgs",
        "rev": "bfd326421ef093b77d70dfe8b9195e1cee78c097",
        "type": "github"
      },
      "original": {
        "owner": "NixOS",
        "repo": "nixpkgs",
        "rev": "bfd326421ef093b77d70dfe8b9195e1cee78c097",
        "type": "github"
      }
    },
    "root": {
      "inputs": {
        "flake-utils": "flake-utils",
        "nixpkgs": "nixpkgs",
        "nixpkgs-intel": "nixpkgs-intel"
      }
    }
  },
  "root": "root",
  "version": 7
}
