{
  "nodes": {
    "nixpkgs-latest": {
      "locked": {
        "lastModified": 1618260938,
        "narHash": "sha256-sRIKbJKplnAY9uN4QGGVtq4dasRKzmZhjleCUtPvTa8=",
        "owner": "NixOS",
        "repo": "nixpkgs",
        "rev": "e8893cc489de8ffbe8125fb0d37f05e8023a2d99",
        "type": "github"
      },
      "original": {
        "owner": "NixOS",
        "ref": "nixpkgs-unstable",
        "repo": "nixpkgs",
        "type": "github"
      }
    },
    "nixpkgs-stable": {
      "locked": {
        "lastModified": 1612817315,
        "narHash": "sha256-PfadbCHb63WBTdb+7AosgzOWkimPKNETcOIRn+bP/aU=",
        "owner": "NixOs",
        "repo": "nixpkgs",
        "rev": "bed08131cd29a85f19716d9351940bdc34834492",
        "type": "github"
      },
      "original": {
        "owner": "NixOs",
        "repo": "nixpkgs",
        "rev": "bed08131cd29a85f19716d9351940bdc34834492",
        "type": "github"
      }
    },
    "root": {
      "inputs": {
        "nixpkgs-latest": "nixpkgs-latest",
        "nixpkgs-stable": "nixpkgs-stable"
      }
    }
  },
  "root": "root",
  "version": 7
}
